
Microsoft Visual Studio Solution File, Format Version 12.00
# Visual Studio Version 17
VisualStudioVersion = 17.4.33205.214
MinimumVisualStudioVersion = 10.0.40219.1
Project("{FAE04EC0-301F-11D3-BF4B-00C04F79EFBC}") = "VandewieleAPI", "VandewieleAPI\VandewieleAPI.csproj", "{B340F1C8-7C77-4522-A2AC-4086B68B7B26}"
EndProject
Global
	GlobalSection(SolutionConfigurationPlatforms) = preSolution
		Debug|Any CPU = Debug|Any CPU
		Release|Any CPU = Release|Any CPU
	EndGlobalSection
	GlobalSection(ProjectConfigurationPlatforms) = postSolution
		{B340F1C8-7C77-4522-A2AC-4086B68B7B26}.Debug|Any CPU.ActiveCfg = Debug|Any CPU
		{B340F1C8-7C77-4522-A2AC-4086B68B7B26}.Debug|Any CPU.Build.0 = Debug|Any CPU
		{B340F1C8-7C77-4522-A2AC-4086B68B7B26}.Release|Any CPU.ActiveCfg = Release|Any CPU
		{B340F1C8-7C77-4522-A2AC-4086B68B7B26}.Release|Any CPU.Build.0 = Release|Any CPU
	EndGlobalSection
	GlobalSection(SolutionProperties) = preSolution
		HideSolutionNode = FALSE
	EndGlobalSection
	GlobalSection(ExtensibilityGlobals) = postSolution
		SolutionGuid = {50FE970B-5B14-41A9-92E0-AC08E29D10AE}
	EndGlobalSection
EndGlobal
